{
  "name": "security_scan",
  "lockfileVersion": 3,
  "requires": true,
  "packages": {
    "": {
      "dependencies": {
        "tldts": "^7.0.26"
      }
    },
    "node_modules/tldts": {
      "version": "7.0.26",
      "resolved": "https://registry.npmjs.org/tldts/-/tldts-7.0.26.tgz",
      "integrity": "sha512-WiGwQjr0qYdNNG8KpMKlSvpxz652lqa3Rd+/hSaDcY4Uo6SKWZq2LAF+hsAhUewTtYhXlorBKgNF3Kk8hnjGoQ==",
      "license": "MIT",
      "dependencies": {
        "tldts-core": "^7.0.26"
      },
      "bin": {
        "tldts": "bin/cli.js"
      }
    },
    "node_modules/tldts-core": {
      "version": "7.0.26",
      "resolved": "https://registry.npmjs.org/tldts-core/-/tldts-core-7.0.26.tgz",
      "integrity": "sha512-5WJ2SqFsv4G2Dwi7ZFVRnz6b2H1od39QME1lc2y5Ew3eWiZMAeqOAfWpRP9jHvhUl881406QtZTODvjttJs+ew==",
      "license": "MIT"
    }
  }
}
